
Microsoft Visual Studio Solution File, Format Version 12.00
# Visual Studio 15
VisualStudioVersion = 15.0.28307.1705
MinimumVisualStudioVersion = 10.0.40219.1
Project("{9A19103F-16F7-4668-BE54-9A1E7A4F7556}") = "ERP_Log4Net", "ERP_Log4Net\ERP_Log4Net.csproj", "{2A096CA9-14DD-4F91-BE23-6619A6D5206A}"
EndProject
Project("{9A19103F-16F7-4668-BE54-9A1E7A4F7556}") = "ERP_Common", "ERP_Common\ERP_Common.csproj", "{6FAD86C0-1948-4810-98B5-6B9A9BC59FB5}"
EndProject
Project("{2150E333-8FDC-42A3-9474-1A3956D46DE8}") = "Standar", "Standar", "{461602B1-B5CE-4256-ACC6-ABB3B20EC747}"
EndProject
Project("{2150E333-8FDC-42A3-9474-1A3956D46DE8}") = "Framework", "Framework", "{1F4D12F9-D755-484C-857E-97D94D119ADA}"
EndProject
Project("{FAE04EC0-301F-11D3-BF4B-00C04F79EFBC}") = "ERP_MVVM", "ERP_MVVM\ERP_MVVM.csproj", "{04C82D0C-6FF4-434E-880D-97FA1CD539FA}"
EndProject
Project("{FAE04EC0-301F-11D3-BF4B-00C04F79EFBC}") = "ERP_Security", "ERP_Security\ERP_Security.csproj", "{E9B7E863-B663-45F8-ADCB-B3ABEA80EB5D}"
EndProject
Project("{FAE04EC0-301F-11D3-BF4B-00C04F79EFBC}") = "ERP_Template", "ERP_Template\ERP_Template.csproj", "{FBEEB066-759F-4F90-A08E-AE51BC0E8FF8}"
EndProject
Project("{FAE04EC0-301F-11D3-BF4B-00C04F79EFBC}") = "ERP_AppDesktop", "ERP_AppDesktop\ERP_AppDesktop.csproj", "{0258AFF4-1CE0-4740-AF4A-257570306BAD}"
	ProjectSection(ProjectDependencies) = postProject
		{FE8ABF1F-172A-4055-9965-5FE58C063BC3} = {FE8ABF1F-172A-4055-9965-5FE58C063BC3}
		{6D3CF232-052E-4288-8CE5-479E68A73597} = {6D3CF232-052E-4288-8CE5-479E68A73597}
		{04C25A74-45AD-48D9-9F92-745785CAE397} = {04C25A74-45AD-48D9-9F92-745785CAE397}
		{8F329E9F-5CAF-47A2-94FC-AD914789233D} = {8F329E9F-5CAF-47A2-94FC-AD914789233D}
		{178D92FF-1DBC-454D-8F9B-7B03FB8B429E} = {178D92FF-1DBC-454D-8F9B-7B03FB8B429E}
	EndProjectSection
EndProject
Project("{FAE04EC0-301F-11D3-BF4B-00C04F79EFBC}") = "ERP_Core", "ERP_Core\ERP_Core.csproj", "{05206B8A-0309-40BF-997F-5D51129B0C9B}"
EndProject
Project("{2150E333-8FDC-42A3-9474-1A3956D46DE8}") = "Components", "Components", "{889ED349-3A64-4EED-AA89-1B037333AAAB}"
EndProject
Project("{FAE04EC0-301F-11D3-BF4B-00C04F79EFBC}") = "ERP_Component_1", "ERP_Component_1\ERP_Component_1.csproj", "{04C25A74-45AD-48D9-9F92-745785CAE397}"
EndProject
Project("{FAE04EC0-301F-11D3-BF4B-00C04F79EFBC}") = "ERP_Entorno", "ERP_Entorno\ERP_Entorno.csproj", "{1BAE086B-F7E1-452D-9E18-D046B6E46B67}"
EndProject
Project("{FAE04EC0-301F-11D3-BF4B-00C04F79EFBC}") = "ERP_Component_2", "ERP_Component_2\ERP_Component_2.csproj", "{178D92FF-1DBC-454D-8F9B-7B03FB8B429E}"
EndProject
Project("{FAE04EC0-301F-11D3-BF4B-00C04F79EFBC}") = "ERP_ButtonCom", "ERP_ButtonCom\ERP_ButtonCom.csproj", "{8F329E9F-5CAF-47A2-94FC-AD914789233D}"
EndProject
Project("{FAE04EC0-301F-11D3-BF4B-00C04F79EFBC}") = "ERP_SettingsCom", "ERP_SettingsCom\ERP_SettingsCom.csproj", "{FE8ABF1F-172A-4055-9965-5FE58C063BC3}"
EndProject
Project("{FAE04EC0-301F-11D3-BF4B-00C04F79EFBC}") = "ERP_InicializeCom", "ERP_InicializeCom\ERP_InicializeCom.csproj", "{6D3CF232-052E-4288-8CE5-479E68A73597}"
EndProject
Project("{2150E333-8FDC-42A3-9474-1A3956D46DE8}") = "ModermUI", "ModermUI", "{3B669072-531A-4E4F-BE56-2D319EBD1E14}"
EndProject
Project("{FAE04EC0-301F-11D3-BF4B-00C04F79EFBC}") = "FirstFloor.ModernUI", "FirstFloor.ModernUI\FirstFloor.ModernUI.csproj", "{43310A91-0EBC-4C18-8F89-7E97839CDDB6}"
EndProject
Project("{D954291E-2A0B-460D-934E-DC6B0785DB48}") = "Shared", "SharedUI\Shared.shproj", "{EEDA74FC-CA5A-4C06-9654-2600B74E2D1D}"
EndProject
Project("{FAE04EC0-301F-11D3-BF4B-00C04F79EFBC}") = "ERP_Images", "ERP_Images\ERP_Images.csproj", "{7281E3D7-82F2-45DF-8771-0803A0773026}"
EndProject
Project("{FAE04EC0-301F-11D3-BF4B-00C04F79EFBC}") = "ERP_Controls", "ERP_Controls\ERP_Controls.csproj", "{93A3D94B-E723-4717-803B-750CD8FA7B55}"
EndProject
Project("{FAE04EC0-301F-11D3-BF4B-00C04F79EFBC}") = "LibMappingExcel", "LibMappingExcel\LibMappingExcel.csproj", "{4F71721F-E0C4-4FC2-95A1-9570F87C6435}"
EndProject
Project("{FAE04EC0-301F-11D3-BF4B-00C04F79EFBC}") = "ERP_ExcelGeneric", "ERP_ExcelGeneric\ERP_ExcelGeneric.csproj", "{97AEC0B8-B16E-4ABE-9C52-3039D592F62B}"
EndProject
Project("{2150E333-8FDC-42A3-9474-1A3956D46DE8}") = "PluginsCore", "PluginsCore", "{B04EF255-52E4-4489-9DCD-F9B67318A067}"
EndProject
Project("{FAE04EC0-301F-11D3-BF4B-00C04F79EFBC}") = "PluginHosting", "PluginHosting\PluginHosting.csproj", "{FF410DCC-13C6-490A-8C83-70E0C1588120}"
EndProject
Project("{FAE04EC0-301F-11D3-BF4B-00C04F79EFBC}") = "PluginInterfaces", "PluginInterdaces\PluginInterfaces.csproj", "{4008A240-0F9D-4012-A424-31A105137FC3}"
EndProject
Project("{FAE04EC0-301F-11D3-BF4B-00C04F79EFBC}") = "PluginProcess", "PluginProcess\PluginProcess.csproj", "{EC0806D2-BFE5-4D83-A849-7AE10A403F48}"
EndProject
Project("{FAE04EC0-301F-11D3-BF4B-00C04F79EFBC}") = "PluginProcess64", "PluginProcess64\PluginProcess64.csproj", "{29CF9091-2A69-4E5D-BA44-B94BB23861C3}"
EndProject
Project("{2150E333-8FDC-42A3-9474-1A3956D46DE8}") = "Plugins", "Plugins", "{1E2CC49D-65E3-466D-895C-81F17B6EE8F9}"
EndProject
Project("{FAE04EC0-301F-11D3-BF4B-00C04F79EFBC}") = "PluginPruebas", "PluginPruebas\PluginPruebas.csproj", "{787AF727-9E9E-4400-A0E5-FE6899082BCF}"
EndProject
Project("{FAE04EC0-301F-11D3-BF4B-00C04F79EFBC}") = "TemplateMVVM", "TemplateMVVM\TemplateMVVM.csproj", "{D4F6659F-B93A-447F-9141-CD58BD676CC5}"
EndProject
Project("{2150E333-8FDC-42A3-9474-1A3956D46DE8}") = "NuevoTemplate", "NuevoTemplate", "{54EF0DCA-8227-4113-B8AC-309085A64037}"
EndProject
Project("{FAE04EC0-301F-11D3-BF4B-00C04F79EFBC}") = "Templates", "Templates\Templates.csproj", "{E5D45137-F8AF-4B96-8109-178A67D448F6}"
EndProject
Project("{9A19103F-16F7-4668-BE54-9A1E7A4F7556}") = "ERP_HelperFile", "ERP_ReadFIle\ERP_HelperFile.csproj", "{0EA9F89A-CAD1-47EA-8957-56106106262B}"
EndProject
Project("{FAE04EC0-301F-11D3-BF4B-00C04F79EFBC}") = "FilterDataGrid", "FilterDataGrid\FilterDataGrid.csproj", "{1284F448-055D-49B6-9A1B-81E9BBF447C8}"
EndProject
Global
	GlobalSection(SharedMSBuildProjectFiles) = preSolution
		SharedUI\Shared.projitems*{43310a91-0ebc-4c18-8f89-7e97839cddb6}*SharedItemsImports = 4
		SharedUI\Shared.projitems*{eeda74fc-ca5a-4c06-9654-2600b74e2d1d}*SharedItemsImports = 13
	EndGlobalSection
	GlobalSection(SolutionConfigurationPlatforms) = preSolution
		Debug|Any CPU = Debug|Any CPU
		Debug|x64 = Debug|x64
		Debug|x86 = Debug|x86
		Release|Any CPU = Release|Any CPU
		Release|x64 = Release|x64
		Release|x86 = Release|x86
		Release64|Any CPU = Release64|Any CPU
		Release64|x64 = Release64|x64
		Release64|x86 = Release64|x86
	EndGlobalSection
	GlobalSection(ProjectConfigurationPlatforms) = postSolution
		{2A096CA9-14DD-4F91-BE23-6619A6D5206A}.Debug|Any CPU.ActiveCfg = Debug|Any CPU
		{2A096CA9-14DD-4F91-BE23-6619A6D5206A}.Debug|Any CPU.Build.0 = Debug|Any CPU
		{2A096CA9-14DD-4F91-BE23-6619A6D5206A}.Debug|x64.ActiveCfg = Debug|Any CPU
		{2A096CA9-14DD-4F91-BE23-6619A6D5206A}.Debug|x64.Build.0 = Debug|Any CPU
		{2A096CA9-14DD-4F91-BE23-6619A6D5206A}.Debug|x86.ActiveCfg = Debug|Any CPU
		{2A096CA9-14DD-4F91-BE23-6619A6D5206A}.Debug|x86.Build.0 = Debug|Any CPU
		{2A096CA9-14DD-4F91-BE23-6619A6D5206A}.Release|Any CPU.ActiveCfg = Release|Any CPU
		{2A096CA9-14DD-4F91-BE23-6619A6D5206A}.Release|Any CPU.Build.0 = Release|Any CPU
		{2A096CA9-14DD-4F91-BE23-6619A6D5206A}.Release|x64.ActiveCfg = Release|Any CPU
		{2A096CA9-14DD-4F91-BE23-6619A6D5206A}.Release|x64.Build.0 = Release|Any CPU
		{2A096CA9-14DD-4F91-BE23-6619A6D5206A}.Release|x86.ActiveCfg = Release|Any CPU
		{2A096CA9-14DD-4F91-BE23-6619A6D5206A}.Release|x86.Build.0 = Release|Any CPU
		{2A096CA9-14DD-4F91-BE23-6619A6D5206A}.Release64|Any CPU.ActiveCfg = Release|Any CPU
		{2A096CA9-14DD-4F91-BE23-6619A6D5206A}.Release64|Any CPU.Build.0 = Release|Any CPU
		{2A096CA9-14DD-4F91-BE23-6619A6D5206A}.Release64|x64.ActiveCfg = Release|Any CPU
		{2A096CA9-14DD-4F91-BE23-6619A6D5206A}.Release64|x64.Build.0 = Release|Any CPU
		{2A096CA9-14DD-4F91-BE23-6619A6D5206A}.Release64|x86.ActiveCfg = Release|Any CPU
		{2A096CA9-14DD-4F91-BE23-6619A6D5206A}.Release64|x86.Build.0 = Release|Any CPU
		{6FAD86C0-1948-4810-98B5-6B9A9BC59FB5}.Debug|Any CPU.ActiveCfg = Debug|Any CPU
		{6FAD86C0-1948-4810-98B5-6B9A9BC59FB5}.Debug|Any CPU.Build.0 = Debug|Any CPU
		{6FAD86C0-1948-4810-98B5-6B9A9BC59FB5}.Debug|x64.ActiveCfg = Debug|Any CPU
		{6FAD86C0-1948-4810-98B5-6B9A9BC59FB5}.Debug|x64.Build.0 = Debug|Any CPU
		{6FAD86C0-1948-4810-98B5-6B9A9BC59FB5}.Debug|x86.ActiveCfg = Debug|Any CPU
		{6FAD86C0-1948-4810-98B5-6B9A9BC59FB5}.Debug|x86.Build.0 = Debug|Any CPU
		{6FAD86C0-1948-4810-98B5-6B9A9BC59FB5}.Release|Any CPU.ActiveCfg = Release|Any CPU
		{6FAD86C0-1948-4810-98B5-6B9A9BC59FB5}.Release|Any CPU.Build.0 = Release|Any CPU
		{6FAD86C0-1948-4810-98B5-6B9A9BC59FB5}.Release|x64.ActiveCfg = Release|Any CPU
		{6FAD86C0-1948-4810-98B5-6B9A9BC59FB5}.Release|x64.Build.0 = Release|Any CPU
		{6FAD86C0-1948-4810-98B5-6B9A9BC59FB5}.Release|x86.ActiveCfg = Release|Any CPU
		{6FAD86C0-1948-4810-98B5-6B9A9BC59FB5}.Release|x86.Build.0 = Release|Any CPU
		{6FAD86C0-1948-4810-98B5-6B9A9BC59FB5}.Release64|Any CPU.ActiveCfg = Release|Any CPU
		{6FAD86C0-1948-4810-98B5-6B9A9BC59FB5}.Release64|Any CPU.Build.0 = Release|Any CPU
		{6FAD86C0-1948-4810-98B5-6B9A9BC59FB5}.Release64|x64.ActiveCfg = Release|Any CPU
		{6FAD86C0-1948-4810-98B5-6B9A9BC59FB5}.Release64|x64.Build.0 = Release|Any CPU
		{6FAD86C0-1948-4810-98B5-6B9A9BC59FB5}.Release64|x86.ActiveCfg = Release|Any CPU
		{6FAD86C0-1948-4810-98B5-6B9A9BC59FB5}.Release64|x86.Build.0 = Release|Any CPU
		{04C82D0C-6FF4-434E-880D-97FA1CD539FA}.Debug|Any CPU.ActiveCfg = Debug|Any CPU
		{04C82D0C-6FF4-434E-880D-97FA1CD539FA}.Debug|Any CPU.Build.0 = Debug|Any CPU
		{04C82D0C-6FF4-434E-880D-97FA1CD539FA}.Debug|x64.ActiveCfg = Debug|Any CPU
		{04C82D0C-6FF4-434E-880D-97FA1CD539FA}.Debug|x64.Build.0 = Debug|Any CPU
		{04C82D0C-6FF4-434E-880D-97FA1CD539FA}.Debug|x86.ActiveCfg = Debug|Any CPU
		{04C82D0C-6FF4-434E-880D-97FA1CD539FA}.Debug|x86.Build.0 = Debug|Any CPU
		{04C82D0C-6FF4-434E-880D-97FA1CD539FA}.Release|Any CPU.ActiveCfg = Release|Any CPU
		{04C82D0C-6FF4-434E-880D-97FA1CD539FA}.Release|Any CPU.Build.0 = Release|Any CPU
		{04C82D0C-6FF4-434E-880D-97FA1CD539FA}.Release|x64.ActiveCfg = Release|Any CPU
		{04C82D0C-6FF4-434E-880D-97FA1CD539FA}.Release|x64.Build.0 = Release|Any CPU
		{04C82D0C-6FF4-434E-880D-97FA1CD539FA}.Release|x86.ActiveCfg = Release|Any CPU
		{04C82D0C-6FF4-434E-880D-97FA1CD539FA}.Release|x86.Build.0 = Release|Any CPU
		{04C82D0C-6FF4-434E-880D-97FA1CD539FA}.Release64|Any CPU.ActiveCfg = Release|Any CPU
		{04C82D0C-6FF4-434E-880D-97FA1CD539FA}.Release64|Any CPU.Build.0 = Release|Any CPU
		{04C82D0C-6FF4-434E-880D-97FA1CD539FA}.Release64|x64.ActiveCfg = Release|Any CPU
		{04C82D0C-6FF4-434E-880D-97FA1CD539FA}.Release64|x64.Build.0 = Release|Any CPU
		{04C82D0C-6FF4-434E-880D-97FA1CD539FA}.Release64|x86.ActiveCfg = Release|Any CPU
		{04C82D0C-6FF4-434E-880D-97FA1CD539FA}.Release64|x86.Build.0 = Release|Any CPU
		{E9B7E863-B663-45F8-ADCB-B3ABEA80EB5D}.Debug|Any CPU.ActiveCfg = Debug|Any CPU
		{E9B7E863-B663-45F8-ADCB-B3ABEA80EB5D}.Debug|Any CPU.Build.0 = Debug|Any CPU
		{E9B7E863-B663-45F8-ADCB-B3ABEA80EB5D}.Debug|x64.ActiveCfg = Debug|Any CPU
		{E9B7E863-B663-45F8-ADCB-B3ABEA80EB5D}.Debug|x64.Build.0 = Debug|Any CPU
		{E9B7E863-B663-45F8-ADCB-B3ABEA80EB5D}.Debug|x86.ActiveCfg = Debug|Any CPU
		{E9B7E863-B663-45F8-ADCB-B3ABEA80EB5D}.Debug|x86.Build.0 = Debug|Any CPU
		{E9B7E863-B663-45F8-ADCB-B3ABEA80EB5D}.Release|Any CPU.ActiveCfg = Release|Any CPU
		{E9B7E863-B663-45F8-ADCB-B3ABEA80EB5D}.Release|Any CPU.Build.0 = Release|Any CPU
		{E9B7E863-B663-45F8-ADCB-B3ABEA80EB5D}.Release|x64.ActiveCfg = Release|Any CPU
		{E9B7E863-B663-45F8-ADCB-B3ABEA80EB5D}.Release|x64.Build.0 = Release|Any CPU
		{E9B7E863-B663-45F8-ADCB-B3ABEA80EB5D}.Release|x86.ActiveCfg = Release|Any CPU
		{E9B7E863-B663-45F8-ADCB-B3ABEA80EB5D}.Release|x86.Build.0 = Release|Any CPU
		{E9B7E863-B663-45F8-ADCB-B3ABEA80EB5D}.Release64|Any CPU.ActiveCfg = Release|Any CPU
		{E9B7E863-B663-45F8-ADCB-B3ABEA80EB5D}.Release64|Any CPU.Build.0 = Release|Any CPU
		{E9B7E863-B663-45F8-ADCB-B3ABEA80EB5D}.Release64|x64.ActiveCfg = Release|Any CPU
		{E9B7E863-B663-45F8-ADCB-B3ABEA80EB5D}.Release64|x64.Build.0 = Release|Any CPU
		{E9B7E863-B663-45F8-ADCB-B3ABEA80EB5D}.Release64|x86.ActiveCfg = Release|Any CPU
		{E9B7E863-B663-45F8-ADCB-B3ABEA80EB5D}.Release64|x86.Build.0 = Release|Any CPU
		{FBEEB066-759F-4F90-A08E-AE51BC0E8FF8}.Debug|Any CPU.ActiveCfg = Debug|Any CPU
		{FBEEB066-759F-4F90-A08E-AE51BC0E8FF8}.Debug|Any CPU.Build.0 = Debug|Any CPU
		{FBEEB066-759F-4F90-A08E-AE51BC0E8FF8}.Debug|x64.ActiveCfg = Debug|Any CPU
		{FBEEB066-759F-4F90-A08E-AE51BC0E8FF8}.Debug|x64.Build.0 = Debug|Any CPU
		{FBEEB066-759F-4F90-A08E-AE51BC0E8FF8}.Debug|x86.ActiveCfg = Debug|Any CPU
		{FBEEB066-759F-4F90-A08E-AE51BC0E8FF8}.Debug|x86.Build.0 = Debug|Any CPU
		{FBEEB066-759F-4F90-A08E-AE51BC0E8FF8}.Release|Any CPU.ActiveCfg = Release|Any CPU
		{FBEEB066-759F-4F90-A08E-AE51BC0E8FF8}.Release|Any CPU.Build.0 = Release|Any CPU
		{FBEEB066-759F-4F90-A08E-AE51BC0E8FF8}.Release|x64.ActiveCfg = Release|Any CPU
		{FBEEB066-759F-4F90-A08E-AE51BC0E8FF8}.Release|x64.Build.0 = Release|Any CPU
		{FBEEB066-759F-4F90-A08E-AE51BC0E8FF8}.Release|x86.ActiveCfg = Release|Any CPU
		{FBEEB066-759F-4F90-A08E-AE51BC0E8FF8}.Release|x86.Build.0 = Release|Any CPU
		{FBEEB066-759F-4F90-A08E-AE51BC0E8FF8}.Release64|Any CPU.ActiveCfg = Release|Any CPU
		{FBEEB066-759F-4F90-A08E-AE51BC0E8FF8}.Release64|Any CPU.Build.0 = Release|Any CPU
		{FBEEB066-759F-4F90-A08E-AE51BC0E8FF8}.Release64|x64.ActiveCfg = Release|Any CPU
		{FBEEB066-759F-4F90-A08E-AE51BC0E8FF8}.Release64|x64.Build.0 = Release|Any CPU
		{FBEEB066-759F-4F90-A08E-AE51BC0E8FF8}.Release64|x86.ActiveCfg = Release|Any CPU
		{FBEEB066-759F-4F90-A08E-AE51BC0E8FF8}.Release64|x86.Build.0 = Release|Any CPU
		{0258AFF4-1CE0-4740-AF4A-257570306BAD}.Debug|Any CPU.ActiveCfg = Debug|Any CPU
		{0258AFF4-1CE0-4740-AF4A-257570306BAD}.Debug|Any CPU.Build.0 = Debug|Any CPU
		{0258AFF4-1CE0-4740-AF4A-257570306BAD}.Debug|x64.ActiveCfg = Debug|Any CPU
		{0258AFF4-1CE0-4740-AF4A-257570306BAD}.Debug|x64.Build.0 = Debug|Any CPU
		{0258AFF4-1CE0-4740-AF4A-257570306BAD}.Debug|x86.ActiveCfg = Debug|Any CPU
		{0258AFF4-1CE0-4740-AF4A-257570306BAD}.Debug|x86.Build.0 = Debug|Any CPU
		{0258AFF4-1CE0-4740-AF4A-257570306BAD}.Release|Any CPU.ActiveCfg = Release|Any CPU
		{0258AFF4-1CE0-4740-AF4A-257570306BAD}.Release|Any CPU.Build.0 = Release|Any CPU
		{0258AFF4-1CE0-4740-AF4A-257570306BAD}.Release|x64.ActiveCfg = Release|Any CPU
		{0258AFF4-1CE0-4740-AF4A-257570306BAD}.Release|x64.Build.0 = Release|Any CPU
		{0258AFF4-1CE0-4740-AF4A-257570306BAD}.Release|x86.ActiveCfg = Release|Any CPU
		{0258AFF4-1CE0-4740-AF4A-257570306BAD}.Release|x86.Build.0 = Release|Any CPU
		{0258AFF4-1CE0-4740-AF4A-257570306BAD}.Release64|Any CPU.ActiveCfg = Release|Any CPU
		{0258AFF4-1CE0-4740-AF4A-257570306BAD}.Release64|Any CPU.Build.0 = Release|Any CPU
		{0258AFF4-1CE0-4740-AF4A-257570306BAD}.Release64|x64.ActiveCfg = Release|Any CPU
		{0258AFF4-1CE0-4740-AF4A-257570306BAD}.Release64|x64.Build.0 = Release|Any CPU
		{0258AFF4-1CE0-4740-AF4A-257570306BAD}.Release64|x86.ActiveCfg = Release|Any CPU
		{0258AFF4-1CE0-4740-AF4A-257570306BAD}.Release64|x86.Build.0 = Release|Any CPU
		{05206B8A-0309-40BF-997F-5D51129B0C9B}.Debug|Any CPU.ActiveCfg = Debug|Any CPU
		{05206B8A-0309-40BF-997F-5D51129B0C9B}.Debug|Any CPU.Build.0 = Debug|Any CPU
		{05206B8A-0309-40BF-997F-5D51129B0C9B}.Debug|x64.ActiveCfg = Debug|Any CPU
		{05206B8A-0309-40BF-997F-5D51129B0C9B}.Debug|x64.Build.0 = Debug|Any CPU
		{05206B8A-0309-40BF-997F-5D51129B0C9B}.Debug|x86.ActiveCfg = Debug|Any CPU
		{05206B8A-0309-40BF-997F-5D51129B0C9B}.Debug|x86.Build.0 = Debug|Any CPU
		{05206B8A-0309-40BF-997F-5D51129B0C9B}.Release|Any CPU.ActiveCfg = Release|Any CPU
		{05206B8A-0309-40BF-997F-5D51129B0C9B}.Release|Any CPU.Build.0 = Release|Any CPU
		{05206B8A-0309-40BF-997F-5D51129B0C9B}.Release|x64.ActiveCfg = Release|Any CPU
		{05206B8A-0309-40BF-997F-5D51129B0C9B}.Release|x64.Build.0 = Release|Any CPU
		{05206B8A-0309-40BF-997F-5D51129B0C9B}.Release|x86.ActiveCfg = Release|Any CPU
		{05206B8A-0309-40BF-997F-5D51129B0C9B}.Release|x86.Build.0 = Release|Any CPU
		{05206B8A-0309-40BF-997F-5D51129B0C9B}.Release64|Any CPU.ActiveCfg = Release|Any CPU
		{05206B8A-0309-40BF-997F-5D51129B0C9B}.Release64|Any CPU.Build.0 = Release|Any CPU
		{05206B8A-0309-40BF-997F-5D51129B0C9B}.Release64|x64.ActiveCfg = Release|Any CPU
		{05206B8A-0309-40BF-997F-5D51129B0C9B}.Release64|x64.Build.0 = Release|Any CPU
		{05206B8A-0309-40BF-997F-5D51129B0C9B}.Release64|x86.ActiveCfg = Release|Any CPU
		{05206B8A-0309-40BF-997F-5D51129B0C9B}.Release64|x86.Build.0 = Release|Any CPU
		{04C25A74-45AD-48D9-9F92-745785CAE397}.Debug|Any CPU.ActiveCfg = Debug|Any CPU
		{04C25A74-45AD-48D9-9F92-745785CAE397}.Debug|Any CPU.Build.0 = Debug|Any CPU
		{04C25A74-45AD-48D9-9F92-745785CAE397}.Debug|x64.ActiveCfg = Debug|Any CPU
		{04C25A74-45AD-48D9-9F92-745785CAE397}.Debug|x64.Build.0 = Debug|Any CPU
		{04C25A74-45AD-48D9-9F92-745785CAE397}.Debug|x86.ActiveCfg = Debug|Any CPU
		{04C25A74-45AD-48D9-9F92-745785CAE397}.Debug|x86.Build.0 = Debug|Any CPU
		{04C25A74-45AD-48D9-9F92-745785CAE397}.Release|Any CPU.ActiveCfg = Release|Any CPU
		{04C25A74-45AD-48D9-9F92-745785CAE397}.Release|Any CPU.Build.0 = Release|Any CPU
		{04C25A74-45AD-48D9-9F92-745785CAE397}.Release|x64.ActiveCfg = Release|Any CPU
		{04C25A74-45AD-48D9-9F92-745785CAE397}.Release|x64.Build.0 = Release|Any CPU
		{04C25A74-45AD-48D9-9F92-745785CAE397}.Release|x86.ActiveCfg = Release|Any CPU
		{04C25A74-45AD-48D9-9F92-745785CAE397}.Release|x86.Build.0 = Release|Any CPU
		{04C25A74-45AD-48D9-9F92-745785CAE397}.Release64|Any CPU.ActiveCfg = Release|Any CPU
		{04C25A74-45AD-48D9-9F92-745785CAE397}.Release64|Any CPU.Build.0 = Release|Any CPU
		{04C25A74-45AD-48D9-9F92-745785CAE397}.Release64|x64.ActiveCfg = Release|Any CPU
		{04C25A74-45AD-48D9-9F92-745785CAE397}.Release64|x64.Build.0 = Release|Any CPU
		{04C25A74-45AD-48D9-9F92-745785CAE397}.Release64|x86.ActiveCfg = Release|Any CPU
		{04C25A74-45AD-48D9-9F92-745785CAE397}.Release64|x86.Build.0 = Release|Any CPU
		{1BAE086B-F7E1-452D-9E18-D046B6E46B67}.Debug|Any CPU.ActiveCfg = Debug|Any CPU
		{1BAE086B-F7E1-452D-9E18-D046B6E46B67}.Debug|Any CPU.Build.0 = Debug|Any CPU
		{1BAE086B-F7E1-452D-9E18-D046B6E46B67}.Debug|x64.ActiveCfg = Debug|Any CPU
		{1BAE086B-F7E1-452D-9E18-D046B6E46B67}.Debug|x64.Build.0 = Debug|Any CPU
		{1BAE086B-F7E1-452D-9E18-D046B6E46B67}.Debug|x86.ActiveCfg = Debug|Any CPU
		{1BAE086B-F7E1-452D-9E18-D046B6E46B67}.Debug|x86.Build.0 = Debug|Any CPU
		{1BAE086B-F7E1-452D-9E18-D046B6E46B67}.Release|Any CPU.ActiveCfg = Release|Any CPU
		{1BAE086B-F7E1-452D-9E18-D046B6E46B67}.Release|Any CPU.Build.0 = Release|Any CPU
		{1BAE086B-F7E1-452D-9E18-D046B6E46B67}.Release|x64.ActiveCfg = Release|Any CPU
		{1BAE086B-F7E1-452D-9E18-D046B6E46B67}.Release|x64.Build.0 = Release|Any CPU
		{1BAE086B-F7E1-452D-9E18-D046B6E46B67}.Release|x86.ActiveCfg = Release|Any CPU
		{1BAE086B-F7E1-452D-9E18-D046B6E46B67}.Release|x86.Build.0 = Release|Any CPU
		{1BAE086B-F7E1-452D-9E18-D046B6E46B67}.Release64|Any CPU.ActiveCfg = Release|Any CPU
		{1BAE086B-F7E1-452D-9E18-D046B6E46B67}.Release64|Any CPU.Build.0 = Release|Any CPU
		{1BAE086B-F7E1-452D-9E18-D046B6E46B67}.Release64|x64.ActiveCfg = Release|Any CPU
		{1BAE086B-F7E1-452D-9E18-D046B6E46B67}.Release64|x64.Build.0 = Release|Any CPU
		{1BAE086B-F7E1-452D-9E18-D046B6E46B67}.Release64|x86.ActiveCfg = Release|Any CPU
		{1BAE086B-F7E1-452D-9E18-D046B6E46B67}.Release64|x86.Build.0 = Release|Any CPU
		{178D92FF-1DBC-454D-8F9B-7B03FB8B429E}.Debug|Any CPU.ActiveCfg = Debug|Any CPU
		{178D92FF-1DBC-454D-8F9B-7B03FB8B429E}.Debug|Any CPU.Build.0 = Debug|Any CPU
		{178D92FF-1DBC-454D-8F9B-7B03FB8B429E}.Debug|x64.ActiveCfg = Debug|Any CPU
		{178D92FF-1DBC-454D-8F9B-7B03FB8B429E}.Debug|x64.Build.0 = Debug|Any CPU
		{178D92FF-1DBC-454D-8F9B-7B03FB8B429E}.Debug|x86.ActiveCfg = Debug|Any CPU
		{178D92FF-1DBC-454D-8F9B-7B03FB8B429E}.Debug|x86.Build.0 = Debug|Any CPU
		{178D92FF-1DBC-454D-8F9B-7B03FB8B429E}.Release|Any CPU.ActiveCfg = Release|Any CPU
		{178D92FF-1DBC-454D-8F9B-7B03FB8B429E}.Release|Any CPU.Build.0 = Release|Any CPU
		{178D92FF-1DBC-454D-8F9B-7B03FB8B429E}.Release|x64.ActiveCfg = Release|Any CPU
		{178D92FF-1DBC-454D-8F9B-7B03FB8B429E}.Release|x64.Build.0 = Release|Any CPU
		{178D92FF-1DBC-454D-8F9B-7B03FB8B429E}.Release|x86.ActiveCfg = Release|Any CPU
		{178D92FF-1DBC-454D-8F9B-7B03FB8B429E}.Release|x86.Build.0 = Release|Any CPU
		{178D92FF-1DBC-454D-8F9B-7B03FB8B429E}.Release64|Any CPU.ActiveCfg = Release|Any CPU
		{178D92FF-1DBC-454D-8F9B-7B03FB8B429E}.Release64|Any CPU.Build.0 = Release|Any CPU
		{178D92FF-1DBC-454D-8F9B-7B03FB8B429E}.Release64|x64.ActiveCfg = Release|Any CPU
		{178D92FF-1DBC-454D-8F9B-7B03FB8B429E}.Release64|x64.Build.0 = Release|Any CPU
		{178D92FF-1DBC-454D-8F9B-7B03FB8B429E}.Release64|x86.ActiveCfg = Release|Any CPU
		{178D92FF-1DBC-454D-8F9B-7B03FB8B429E}.Release64|x86.Build.0 = Release|Any CPU
		{8F329E9F-5CAF-47A2-94FC-AD914789233D}.Debug|Any CPU.ActiveCfg = Debug|Any CPU
		{8F329E9F-5CAF-47A2-94FC-AD914789233D}.Debug|Any CPU.Build.0 = Debug|Any CPU
		{8F329E9F-5CAF-47A2-94FC-AD914789233D}.Debug|x64.ActiveCfg = Debug|Any CPU
		{8F329E9F-5CAF-47A2-94FC-AD914789233D}.Debug|x64.Build.0 = Debug|Any CPU
		{8F329E9F-5CAF-47A2-94FC-AD914789233D}.Debug|x86.ActiveCfg = Debug|Any CPU
		{8F329E9F-5CAF-47A2-94FC-AD914789233D}.Debug|x86.Build.0 = Debug|Any CPU
		{8F329E9F-5CAF-47A2-94FC-AD914789233D}.Release|Any CPU.ActiveCfg = Release|Any CPU
		{8F329E9F-5CAF-47A2-94FC-AD914789233D}.Release|Any CPU.Build.0 = Release|Any CPU
		{8F329E9F-5CAF-47A2-94FC-AD914789233D}.Release|x64.ActiveCfg = Release|Any CPU
		{8F329E9F-5CAF-47A2-94FC-AD914789233D}.Release|x64.Build.0 = Release|Any CPU
		{8F329E9F-5CAF-47A2-94FC-AD914789233D}.Release|x86.ActiveCfg = Release|Any CPU
		{8F329E9F-5CAF-47A2-94FC-AD914789233D}.Release|x86.Build.0 = Release|Any CPU
		{8F329E9F-5CAF-47A2-94FC-AD914789233D}.Release64|Any CPU.ActiveCfg = Release|Any CPU
		{8F329E9F-5CAF-47A2-94FC-AD914789233D}.Release64|Any CPU.Build.0 = Release|Any CPU
		{8F329E9F-5CAF-47A2-94FC-AD914789233D}.Release64|x64.ActiveCfg = Release|Any CPU
		{8F329E9F-5CAF-47A2-94FC-AD914789233D}.Release64|x64.Build.0 = Release|Any CPU
		{8F329E9F-5CAF-47A2-94FC-AD914789233D}.Release64|x86.ActiveCfg = Release|Any CPU
		{8F329E9F-5CAF-47A2-94FC-AD914789233D}.Release64|x86.Build.0 = Release|Any CPU
		{FE8ABF1F-172A-4055-9965-5FE58C063BC3}.Debug|Any CPU.ActiveCfg = Debug|Any CPU
		{FE8ABF1F-172A-4055-9965-5FE58C063BC3}.Debug|Any CPU.Build.0 = Debug|Any CPU
		{FE8ABF1F-172A-4055-9965-5FE58C063BC3}.Debug|x64.ActiveCfg = Debug|Any CPU
		{FE8ABF1F-172A-4055-9965-5FE58C063BC3}.Debug|x64.Build.0 = Debug|Any CPU
		{FE8ABF1F-172A-4055-9965-5FE58C063BC3}.Debug|x86.ActiveCfg = Debug|Any CPU
		{FE8ABF1F-172A-4055-9965-5FE58C063BC3}.Debug|x86.Build.0 = Debug|Any CPU
		{FE8ABF1F-172A-4055-9965-5FE58C063BC3}.Release|Any CPU.ActiveCfg = Release|Any CPU
		{FE8ABF1F-172A-4055-9965-5FE58C063BC3}.Release|Any CPU.Build.0 = Release|Any CPU
		{FE8ABF1F-172A-4055-9965-5FE58C063BC3}.Release|x64.ActiveCfg = Release|Any CPU
		{FE8ABF1F-172A-4055-9965-5FE58C063BC3}.Release|x64.Build.0 = Release|Any CPU
		{FE8ABF1F-172A-4055-9965-5FE58C063BC3}.Release|x86.ActiveCfg = Release|Any CPU
		{FE8ABF1F-172A-4055-9965-5FE58C063BC3}.Release|x86.Build.0 = Release|Any CPU
		{FE8ABF1F-172A-4055-9965-5FE58C063BC3}.Release64|Any CPU.ActiveCfg = Release|Any CPU
		{FE8ABF1F-172A-4055-9965-5FE58C063BC3}.Release64|Any CPU.Build.0 = Release|Any CPU
		{FE8ABF1F-172A-4055-9965-5FE58C063BC3}.Release64|x64.ActiveCfg = Release|Any CPU
		{FE8ABF1F-172A-4055-9965-5FE58C063BC3}.Release64|x64.Build.0 = Release|Any CPU
		{FE8ABF1F-172A-4055-9965-5FE58C063BC3}.Release64|x86.ActiveCfg = Release|Any CPU
		{FE8ABF1F-172A-4055-9965-5FE58C063BC3}.Release64|x86.Build.0 = Release|Any CPU
		{6D3CF232-052E-4288-8CE5-479E68A73597}.Debug|Any CPU.ActiveCfg = Debug|Any CPU
		{6D3CF232-052E-4288-8CE5-479E68A73597}.Debug|Any CPU.Build.0 = Debug|Any CPU
		{6D3CF232-052E-4288-8CE5-479E68A73597}.Debug|x64.ActiveCfg = Debug|Any CPU
		{6D3CF232-052E-4288-8CE5-479E68A73597}.Debug|x64.Build.0 = Debug|Any CPU
		{6D3CF232-052E-4288-8CE5-479E68A73597}.Debug|x86.ActiveCfg = Debug|Any CPU
		{6D3CF232-052E-4288-8CE5-479E68A73597}.Debug|x86.Build.0 = Debug|Any CPU
		{6D3CF232-052E-4288-8CE5-479E68A73597}.Release|Any CPU.ActiveCfg = Release|Any CPU
		{6D3CF232-052E-4288-8CE5-479E68A73597}.Release|Any CPU.Build.0 = Release|Any CPU
		{6D3CF232-052E-4288-8CE5-479E68A73597}.Release|x64.ActiveCfg = Release|Any CPU
		{6D3CF232-052E-4288-8CE5-479E68A73597}.Release|x64.Build.0 = Release|Any CPU
		{6D3CF232-052E-4288-8CE5-479E68A73597}.Release|x86.ActiveCfg = Release|Any CPU
		{6D3CF232-052E-4288-8CE5-479E68A73597}.Release|x86.Build.0 = Release|Any CPU
		{6D3CF232-052E-4288-8CE5-479E68A73597}.Release64|Any CPU.ActiveCfg = Release|Any CPU
		{6D3CF232-052E-4288-8CE5-479E68A73597}.Release64|Any CPU.Build.0 = Release|Any CPU
		{6D3CF232-052E-4288-8CE5-479E68A73597}.Release64|x64.ActiveCfg = Release|Any CPU
		{6D3CF232-052E-4288-8CE5-479E68A73597}.Release64|x64.Build.0 = Release|Any CPU
		{6D3CF232-052E-4288-8CE5-479E68A73597}.Release64|x86.ActiveCfg = Release|Any CPU
		{6D3CF232-052E-4288-8CE5-479E68A73597}.Release64|x86.Build.0 = Release|Any CPU
		{43310A91-0EBC-4C18-8F89-7E97839CDDB6}.Debug|Any CPU.ActiveCfg = Debug|Any CPU
		{43310A91-0EBC-4C18-8F89-7E97839CDDB6}.Debug|Any CPU.Build.0 = Debug|Any CPU
		{43310A91-0EBC-4C18-8F89-7E97839CDDB6}.Debug|x64.ActiveCfg = Debug|Any CPU
		{43310A91-0EBC-4C18-8F89-7E97839CDDB6}.Debug|x64.Build.0 = Debug|Any CPU
		{43310A91-0EBC-4C18-8F89-7E97839CDDB6}.Debug|x86.ActiveCfg = Debug|Any CPU
		{43310A91-0EBC-4C18-8F89-7E97839CDDB6}.Debug|x86.Build.0 = Debug|Any CPU
		{43310A91-0EBC-4C18-8F89-7E97839CDDB6}.Release|Any CPU.ActiveCfg = Release|Any CPU
		{43310A91-0EBC-4C18-8F89-7E97839CDDB6}.Release|Any CPU.Build.0 = Release|Any CPU
		{43310A91-0EBC-4C18-8F89-7E97839CDDB6}.Release|x64.ActiveCfg = Release|Any CPU
		{43310A91-0EBC-4C18-8F89-7E97839CDDB6}.Release|x64.Build.0 = Release|Any CPU
		{43310A91-0EBC-4C18-8F89-7E97839CDDB6}.Release|x86.ActiveCfg = Release|Any CPU
		{43310A91-0EBC-4C18-8F89-7E97839CDDB6}.Release|x86.Build.0 = Release|Any CPU
		{43310A91-0EBC-4C18-8F89-7E97839CDDB6}.Release64|Any CPU.ActiveCfg = Release|Any CPU
		{43310A91-0EBC-4C18-8F89-7E97839CDDB6}.Release64|Any CPU.Build.0 = Release|Any CPU
		{43310A91-0EBC-4C18-8F89-7E97839CDDB6}.Release64|x64.ActiveCfg = Release|Any CPU
		{43310A91-0EBC-4C18-8F89-7E97839CDDB6}.Release64|x64.Build.0 = Release|Any CPU
		{43310A91-0EBC-4C18-8F89-7E97839CDDB6}.Release64|x86.ActiveCfg = Release|Any CPU
		{43310A91-0EBC-4C18-8F89-7E97839CDDB6}.Release64|x86.Build.0 = Release|Any CPU
		{7281E3D7-82F2-45DF-8771-0803A0773026}.Debug|Any CPU.ActiveCfg = Debug|Any CPU
		{7281E3D7-82F2-45DF-8771-0803A0773026}.Debug|Any CPU.Build.0 = Debug|Any CPU
		{7281E3D7-82F2-45DF-8771-0803A0773026}.Debug|x64.ActiveCfg = Debug|Any CPU
		{7281E3D7-82F2-45DF-8771-0803A0773026}.Debug|x64.Build.0 = Debug|Any CPU
		{7281E3D7-82F2-45DF-8771-0803A0773026}.Debug|x86.ActiveCfg = Debug|Any CPU
		{7281E3D7-82F2-45DF-8771-0803A0773026}.Debug|x86.Build.0 = Debug|Any CPU
		{7281E3D7-82F2-45DF-8771-0803A0773026}.Release|Any CPU.ActiveCfg = Release|Any CPU
		{7281E3D7-82F2-45DF-8771-0803A0773026}.Release|Any CPU.Build.0 = Release|Any CPU
		{7281E3D7-82F2-45DF-8771-0803A0773026}.Release|x64.ActiveCfg = Release|Any CPU
		{7281E3D7-82F2-45DF-8771-0803A0773026}.Release|x64.Build.0 = Release|Any CPU
		{7281E3D7-82F2-45DF-8771-0803A0773026}.Release|x86.ActiveCfg = Release|Any CPU
		{7281E3D7-82F2-45DF-8771-0803A0773026}.Release|x86.Build.0 = Release|Any CPU
		{7281E3D7-82F2-45DF-8771-0803A0773026}.Release64|Any CPU.ActiveCfg = Release|Any CPU
		{7281E3D7-82F2-45DF-8771-0803A0773026}.Release64|Any CPU.Build.0 = Release|Any CPU
		{7281E3D7-82F2-45DF-8771-0803A0773026}.Release64|x64.ActiveCfg = Release|Any CPU
		{7281E3D7-82F2-45DF-8771-0803A0773026}.Release64|x64.Build.0 = Release|Any CPU
		{7281E3D7-82F2-45DF-8771-0803A0773026}.Release64|x86.ActiveCfg = Release|Any CPU
		{7281E3D7-82F2-45DF-8771-0803A0773026}.Release64|x86.Build.0 = Release|Any CPU
		{93A3D94B-E723-4717-803B-750CD8FA7B55}.Debug|Any CPU.ActiveCfg = Debug|Any CPU
		{93A3D94B-E723-4717-803B-750CD8FA7B55}.Debug|Any CPU.Build.0 = Debug|Any CPU
		{93A3D94B-E723-4717-803B-750CD8FA7B55}.Debug|x64.ActiveCfg = Debug|Any CPU
		{93A3D94B-E723-4717-803B-750CD8FA7B55}.Debug|x64.Build.0 = Debug|Any CPU
		{93A3D94B-E723-4717-803B-750CD8FA7B55}.Debug|x86.ActiveCfg = Debug|Any CPU
		{93A3D94B-E723-4717-803B-750CD8FA7B55}.Debug|x86.Build.0 = Debug|Any CPU
		{93A3D94B-E723-4717-803B-750CD8FA7B55}.Release|Any CPU.ActiveCfg = Release|Any CPU
		{93A3D94B-E723-4717-803B-750CD8FA7B55}.Release|Any CPU.Build.0 = Release|Any CPU
		{93A3D94B-E723-4717-803B-750CD8FA7B55}.Release|x64.ActiveCfg = Release|Any CPU
		{93A3D94B-E723-4717-803B-750CD8FA7B55}.Release|x64.Build.0 = Release|Any CPU
		{93A3D94B-E723-4717-803B-750CD8FA7B55}.Release|x86.ActiveCfg = Release|Any CPU
		{93A3D94B-E723-4717-803B-750CD8FA7B55}.Release|x86.Build.0 = Release|Any CPU
		{93A3D94B-E723-4717-803B-750CD8FA7B55}.Release64|Any CPU.ActiveCfg = Release|Any CPU
		{93A3D94B-E723-4717-803B-750CD8FA7B55}.Release64|Any CPU.Build.0 = Release|Any CPU
		{93A3D94B-E723-4717-803B-750CD8FA7B55}.Release64|x64.ActiveCfg = Release|Any CPU
		{93A3D94B-E723-4717-803B-750CD8FA7B55}.Release64|x64.Build.0 = Release|Any CPU
		{93A3D94B-E723-4717-803B-750CD8FA7B55}.Release64|x86.ActiveCfg = Release|Any CPU
		{93A3D94B-E723-4717-803B-750CD8FA7B55}.Release64|x86.Build.0 = Release|Any CPU
		{4F71721F-E0C4-4FC2-95A1-9570F87C6435}.Debug|Any CPU.ActiveCfg = Debug|Any CPU
		{4F71721F-E0C4-4FC2-95A1-9570F87C6435}.Debug|Any CPU.Build.0 = Debug|Any CPU
		{4F71721F-E0C4-4FC2-95A1-9570F87C6435}.Debug|x64.ActiveCfg = Debug|Any CPU
		{4F71721F-E0C4-4FC2-95A1-9570F87C6435}.Debug|x64.Build.0 = Debug|Any CPU
		{4F71721F-E0C4-4FC2-95A1-9570F87C6435}.Debug|x86.ActiveCfg = Debug|Any CPU
		{4F71721F-E0C4-4FC2-95A1-9570F87C6435}.Debug|x86.Build.0 = Debug|Any CPU
		{4F71721F-E0C4-4FC2-95A1-9570F87C6435}.Release|Any CPU.ActiveCfg = Release|Any CPU
		{4F71721F-E0C4-4FC2-95A1-9570F87C6435}.Release|Any CPU.Build.0 = Release|Any CPU
		{4F71721F-E0C4-4FC2-95A1-9570F87C6435}.Release|x64.ActiveCfg = Release|Any CPU
		{4F71721F-E0C4-4FC2-95A1-9570F87C6435}.Release|x64.Build.0 = Release|Any CPU
		{4F71721F-E0C4-4FC2-95A1-9570F87C6435}.Release|x86.ActiveCfg = Release|Any CPU
		{4F71721F-E0C4-4FC2-95A1-9570F87C6435}.Release|x86.Build.0 = Release|Any CPU
		{4F71721F-E0C4-4FC2-95A1-9570F87C6435}.Release64|Any CPU.ActiveCfg = Release|Any CPU
		{4F71721F-E0C4-4FC2-95A1-9570F87C6435}.Release64|Any CPU.Build.0 = Release|Any CPU
		{4F71721F-E0C4-4FC2-95A1-9570F87C6435}.Release64|x64.ActiveCfg = Release|Any CPU
		{4F71721F-E0C4-4FC2-95A1-9570F87C6435}.Release64|x64.Build.0 = Release|Any CPU
		{4F71721F-E0C4-4FC2-95A1-9570F87C6435}.Release64|x86.ActiveCfg = Release|Any CPU
		{4F71721F-E0C4-4FC2-95A1-9570F87C6435}.Release64|x86.Build.0 = Release|Any CPU
		{97AEC0B8-B16E-4ABE-9C52-3039D592F62B}.Debug|Any CPU.ActiveCfg = Debug|Any CPU
		{97AEC0B8-B16E-4ABE-9C52-3039D592F62B}.Debug|Any CPU.Build.0 = Debug|Any CPU
		{97AEC0B8-B16E-4ABE-9C52-3039D592F62B}.Debug|x64.ActiveCfg = Debug|Any CPU
		{97AEC0B8-B16E-4ABE-9C52-3039D592F62B}.Debug|x64.Build.0 = Debug|Any CPU
		{97AEC0B8-B16E-4ABE-9C52-3039D592F62B}.Debug|x86.ActiveCfg = Debug|Any CPU
		{97AEC0B8-B16E-4ABE-9C52-3039D592F62B}.Debug|x86.Build.0 = Debug|Any CPU
		{97AEC0B8-B16E-4ABE-9C52-3039D592F62B}.Release|Any CPU.ActiveCfg = Release|Any CPU
		{97AEC0B8-B16E-4ABE-9C52-3039D592F62B}.Release|Any CPU.Build.0 = Release|Any CPU
		{97AEC0B8-B16E-4ABE-9C52-3039D592F62B}.Release|x64.ActiveCfg = Release|Any CPU
		{97AEC0B8-B16E-4ABE-9C52-3039D592F62B}.Release|x64.Build.0 = Release|Any CPU
		{97AEC0B8-B16E-4ABE-9C52-3039D592F62B}.Release|x86.ActiveCfg = Release|Any CPU
		{97AEC0B8-B16E-4ABE-9C52-3039D592F62B}.Release|x86.Build.0 = Release|Any CPU
		{97AEC0B8-B16E-4ABE-9C52-3039D592F62B}.Release64|Any CPU.ActiveCfg = Release|Any CPU
		{97AEC0B8-B16E-4ABE-9C52-3039D592F62B}.Release64|Any CPU.Build.0 = Release|Any CPU
		{97AEC0B8-B16E-4ABE-9C52-3039D592F62B}.Release64|x64.ActiveCfg = Release|Any CPU
		{97AEC0B8-B16E-4ABE-9C52-3039D592F62B}.Release64|x64.Build.0 = Release|Any CPU
		{97AEC0B8-B16E-4ABE-9C52-3039D592F62B}.Release64|x86.ActiveCfg = Release|Any CPU
		{97AEC0B8-B16E-4ABE-9C52-3039D592F62B}.Release64|x86.Build.0 = Release|Any CPU
		{FF410DCC-13C6-490A-8C83-70E0C1588120}.Debug|Any CPU.ActiveCfg = Debug|Any CPU
		{FF410DCC-13C6-490A-8C83-70E0C1588120}.Debug|Any CPU.Build.0 = Debug|Any CPU
		{FF410DCC-13C6-490A-8C83-70E0C1588120}.Debug|x64.ActiveCfg = Debug|Any CPU
		{FF410DCC-13C6-490A-8C83-70E0C1588120}.Debug|x64.Build.0 = Debug|Any CPU
		{FF410DCC-13C6-490A-8C83-70E0C1588120}.Debug|x86.ActiveCfg = Debug|Any CPU
		{FF410DCC-13C6-490A-8C83-70E0C1588120}.Debug|x86.Build.0 = Debug|Any CPU
		{FF410DCC-13C6-490A-8C83-70E0C1588120}.Release|Any CPU.ActiveCfg = Release|Any CPU
		{FF410DCC-13C6-490A-8C83-70E0C1588120}.Release|Any CPU.Build.0 = Release|Any CPU
		{FF410DCC-13C6-490A-8C83-70E0C1588120}.Release|x64.ActiveCfg = Release|Any CPU
		{FF410DCC-13C6-490A-8C83-70E0C1588120}.Release|x64.Build.0 = Release|Any CPU
		{FF410DCC-13C6-490A-8C83-70E0C1588120}.Release|x86.ActiveCfg = Release|Any CPU
		{FF410DCC-13C6-490A-8C83-70E0C1588120}.Release|x86.Build.0 = Release|Any CPU
		{FF410DCC-13C6-490A-8C83-70E0C1588120}.Release64|Any CPU.ActiveCfg = Release|Any CPU
		{FF410DCC-13C6-490A-8C83-70E0C1588120}.Release64|Any CPU.Build.0 = Release|Any CPU
		{FF410DCC-13C6-490A-8C83-70E0C1588120}.Release64|x64.ActiveCfg = Release|Any CPU
		{FF410DCC-13C6-490A-8C83-70E0C1588120}.Release64|x64.Build.0 = Release|Any CPU
		{FF410DCC-13C6-490A-8C83-70E0C1588120}.Release64|x86.ActiveCfg = Release|Any CPU
		{FF410DCC-13C6-490A-8C83-70E0C1588120}.Release64|x86.Build.0 = Release|Any CPU
		{4008A240-0F9D-4012-A424-31A105137FC3}.Debug|Any CPU.ActiveCfg = Debug|Any CPU
		{4008A240-0F9D-4012-A424-31A105137FC3}.Debug|Any CPU.Build.0 = Debug|Any CPU
		{4008A240-0F9D-4012-A424-31A105137FC3}.Debug|x64.ActiveCfg = Debug|Any CPU
		{4008A240-0F9D-4012-A424-31A105137FC3}.Debug|x64.Build.0 = Debug|Any CPU
		{4008A240-0F9D-4012-A424-31A105137FC3}.Debug|x86.ActiveCfg = Debug|Any CPU
		{4008A240-0F9D-4012-A424-31A105137FC3}.Debug|x86.Build.0 = Debug|Any CPU
		{4008A240-0F9D-4012-A424-31A105137FC3}.Release|Any CPU.ActiveCfg = Release|Any CPU
		{4008A240-0F9D-4012-A424-31A105137FC3}.Release|Any CPU.Build.0 = Release|Any CPU
		{4008A240-0F9D-4012-A424-31A105137FC3}.Release|x64.ActiveCfg = Release|Any CPU
		{4008A240-0F9D-4012-A424-31A105137FC3}.Release|x64.Build.0 = Release|Any CPU
		{4008A240-0F9D-4012-A424-31A105137FC3}.Release|x86.ActiveCfg = Release|Any CPU
		{4008A240-0F9D-4012-A424-31A105137FC3}.Release|x86.Build.0 = Release|Any CPU
		{4008A240-0F9D-4012-A424-31A105137FC3}.Release64|Any CPU.ActiveCfg = Release|Any CPU
		{4008A240-0F9D-4012-A424-31A105137FC3}.Release64|Any CPU.Build.0 = Release|Any CPU
		{4008A240-0F9D-4012-A424-31A105137FC3}.Release64|x64.ActiveCfg = Release|Any CPU
		{4008A240-0F9D-4012-A424-31A105137FC3}.Release64|x64.Build.0 = Release|Any CPU
		{4008A240-0F9D-4012-A424-31A105137FC3}.Release64|x86.ActiveCfg = Release|Any CPU
		{4008A240-0F9D-4012-A424-31A105137FC3}.Release64|x86.Build.0 = Release|Any CPU
		{EC0806D2-BFE5-4D83-A849-7AE10A403F48}.Debug|Any CPU.ActiveCfg = Debug|Any CPU
		{EC0806D2-BFE5-4D83-A849-7AE10A403F48}.Debug|Any CPU.Build.0 = Debug|Any CPU
		{EC0806D2-BFE5-4D83-A849-7AE10A403F48}.Debug|x64.ActiveCfg = Debug|x64
		{EC0806D2-BFE5-4D83-A849-7AE10A403F48}.Debug|x64.Build.0 = Debug|x64
		{EC0806D2-BFE5-4D83-A849-7AE10A403F48}.Debug|x86.ActiveCfg = Debug|Any CPU
		{EC0806D2-BFE5-4D83-A849-7AE10A403F48}.Debug|x86.Build.0 = Debug|Any CPU
		{EC0806D2-BFE5-4D83-A849-7AE10A403F48}.Release|Any CPU.ActiveCfg = Release|Any CPU
		{EC0806D2-BFE5-4D83-A849-7AE10A403F48}.Release|Any CPU.Build.0 = Release|Any CPU
		{EC0806D2-BFE5-4D83-A849-7AE10A403F48}.Release|x64.ActiveCfg = Release|x64
		{EC0806D2-BFE5-4D83-A849-7AE10A403F48}.Release|x64.Build.0 = Release|x64
		{EC0806D2-BFE5-4D83-A849-7AE10A403F48}.Release|x86.ActiveCfg = Release|Any CPU
		{EC0806D2-BFE5-4D83-A849-7AE10A403F48}.Release|x86.Build.0 = Release|Any CPU
		{EC0806D2-BFE5-4D83-A849-7AE10A403F48}.Release64|Any CPU.ActiveCfg = Release64|Any CPU
		{EC0806D2-BFE5-4D83-A849-7AE10A403F48}.Release64|Any CPU.Build.0 = Release64|Any CPU
		{EC0806D2-BFE5-4D83-A849-7AE10A403F48}.Release64|x64.ActiveCfg = Release64|x64
		{EC0806D2-BFE5-4D83-A849-7AE10A403F48}.Release64|x64.Build.0 = Release64|x64
		{EC0806D2-BFE5-4D83-A849-7AE10A403F48}.Release64|x86.ActiveCfg = Release64|Any CPU
		{EC0806D2-BFE5-4D83-A849-7AE10A403F48}.Release64|x86.Build.0 = Release64|Any CPU
		{29CF9091-2A69-4E5D-BA44-B94BB23861C3}.Debug|Any CPU.ActiveCfg = Debug|Any CPU
		{29CF9091-2A69-4E5D-BA44-B94BB23861C3}.Debug|Any CPU.Build.0 = Debug|Any CPU
		{29CF9091-2A69-4E5D-BA44-B94BB23861C3}.Debug|x64.ActiveCfg = Debug|Any CPU
		{29CF9091-2A69-4E5D-BA44-B94BB23861C3}.Debug|x64.Build.0 = Debug|Any CPU
		{29CF9091-2A69-4E5D-BA44-B94BB23861C3}.Debug|x86.ActiveCfg = Debug|Any CPU
		{29CF9091-2A69-4E5D-BA44-B94BB23861C3}.Debug|x86.Build.0 = Debug|Any CPU
		{29CF9091-2A69-4E5D-BA44-B94BB23861C3}.Release|Any CPU.ActiveCfg = Release|Any CPU
		{29CF9091-2A69-4E5D-BA44-B94BB23861C3}.Release|Any CPU.Build.0 = Release|Any CPU
		{29CF9091-2A69-4E5D-BA44-B94BB23861C3}.Release|x64.ActiveCfg = Release|Any CPU
		{29CF9091-2A69-4E5D-BA44-B94BB23861C3}.Release|x64.Build.0 = Release|Any CPU
		{29CF9091-2A69-4E5D-BA44-B94BB23861C3}.Release|x86.ActiveCfg = Release|Any CPU
		{29CF9091-2A69-4E5D-BA44-B94BB23861C3}.Release|x86.Build.0 = Release|Any CPU
		{29CF9091-2A69-4E5D-BA44-B94BB23861C3}.Release64|Any CPU.ActiveCfg = Release|Any CPU
		{29CF9091-2A69-4E5D-BA44-B94BB23861C3}.Release64|Any CPU.Build.0 = Release|Any CPU
		{29CF9091-2A69-4E5D-BA44-B94BB23861C3}.Release64|x64.ActiveCfg = Release|Any CPU
		{29CF9091-2A69-4E5D-BA44-B94BB23861C3}.Release64|x64.Build.0 = Release|Any CPU
		{29CF9091-2A69-4E5D-BA44-B94BB23861C3}.Release64|x86.ActiveCfg = Release|Any CPU
		{29CF9091-2A69-4E5D-BA44-B94BB23861C3}.Release64|x86.Build.0 = Release|Any CPU
		{787AF727-9E9E-4400-A0E5-FE6899082BCF}.Debug|Any CPU.ActiveCfg = Debug|Any CPU
		{787AF727-9E9E-4400-A0E5-FE6899082BCF}.Debug|Any CPU.Build.0 = Debug|Any CPU
		{787AF727-9E9E-4400-A0E5-FE6899082BCF}.Debug|x64.ActiveCfg = Debug|Any CPU
		{787AF727-9E9E-4400-A0E5-FE6899082BCF}.Debug|x64.Build.0 = Debug|Any CPU
		{787AF727-9E9E-4400-A0E5-FE6899082BCF}.Debug|x86.ActiveCfg = Debug|Any CPU
		{787AF727-9E9E-4400-A0E5-FE6899082BCF}.Debug|x86.Build.0 = Debug|Any CPU
		{787AF727-9E9E-4400-A0E5-FE6899082BCF}.Release|Any CPU.ActiveCfg = Release|Any CPU
		{787AF727-9E9E-4400-A0E5-FE6899082BCF}.Release|Any CPU.Build.0 = Release|Any CPU
		{787AF727-9E9E-4400-A0E5-FE6899082BCF}.Release|x64.ActiveCfg = Release|Any CPU
		{787AF727-9E9E-4400-A0E5-FE6899082BCF}.Release|x64.Build.0 = Release|Any CPU
		{787AF727-9E9E-4400-A0E5-FE6899082BCF}.Release|x86.ActiveCfg = Release|Any CPU
		{787AF727-9E9E-4400-A0E5-FE6899082BCF}.Release|x86.Build.0 = Release|Any CPU
		{787AF727-9E9E-4400-A0E5-FE6899082BCF}.Release64|Any CPU.ActiveCfg = Release|Any CPU
		{787AF727-9E9E-4400-A0E5-FE6899082BCF}.Release64|Any CPU.Build.0 = Release|Any CPU
		{787AF727-9E9E-4400-A0E5-FE6899082BCF}.Release64|x64.ActiveCfg = Release|Any CPU
		{787AF727-9E9E-4400-A0E5-FE6899082BCF}.Release64|x64.Build.0 = Release|Any CPU
		{787AF727-9E9E-4400-A0E5-FE6899082BCF}.Release64|x86.ActiveCfg = Release|Any CPU
		{787AF727-9E9E-4400-A0E5-FE6899082BCF}.Release64|x86.Build.0 = Release|Any CPU
		{D4F6659F-B93A-447F-9141-CD58BD676CC5}.Debug|Any CPU.ActiveCfg = Debug|Any CPU
		{D4F6659F-B93A-447F-9141-CD58BD676CC5}.Debug|Any CPU.Build.0 = Debug|Any CPU
		{D4F6659F-B93A-447F-9141-CD58BD676CC5}.Debug|x64.ActiveCfg = Debug|Any CPU
		{D4F6659F-B93A-447F-9141-CD58BD676CC5}.Debug|x64.Build.0 = Debug|Any CPU
		{D4F6659F-B93A-447F-9141-CD58BD676CC5}.Debug|x86.ActiveCfg = Debug|Any CPU
		{D4F6659F-B93A-447F-9141-CD58BD676CC5}.Debug|x86.Build.0 = Debug|Any CPU
		{D4F6659F-B93A-447F-9141-CD58BD676CC5}.Release|Any CPU.ActiveCfg = Release|Any CPU
		{D4F6659F-B93A-447F-9141-CD58BD676CC5}.Release|Any CPU.Build.0 = Release|Any CPU
		{D4F6659F-B93A-447F-9141-CD58BD676CC5}.Release|x64.ActiveCfg = Release|Any CPU
		{D4F6659F-B93A-447F-9141-CD58BD676CC5}.Release|x64.Build.0 = Release|Any CPU
		{D4F6659F-B93A-447F-9141-CD58BD676CC5}.Release|x86.ActiveCfg = Release|Any CPU
		{D4F6659F-B93A-447F-9141-CD58BD676CC5}.Release|x86.Build.0 = Release|Any CPU
		{D4F6659F-B93A-447F-9141-CD58BD676CC5}.Release64|Any CPU.ActiveCfg = Release|Any CPU
		{D4F6659F-B93A-447F-9141-CD58BD676CC5}.Release64|Any CPU.Build.0 = Release|Any CPU
		{D4F6659F-B93A-447F-9141-CD58BD676CC5}.Release64|x64.ActiveCfg = Release|Any CPU
		{D4F6659F-B93A-447F-9141-CD58BD676CC5}.Release64|x64.Build.0 = Release|Any CPU
		{D4F6659F-B93A-447F-9141-CD58BD676CC5}.Release64|x86.ActiveCfg = Release|Any CPU
		{D4F6659F-B93A-447F-9141-CD58BD676CC5}.Release64|x86.Build.0 = Release|Any CPU
		{E5D45137-F8AF-4B96-8109-178A67D448F6}.Debug|Any CPU.ActiveCfg = Debug|Any CPU
		{E5D45137-F8AF-4B96-8109-178A67D448F6}.Debug|Any CPU.Build.0 = Debug|Any CPU
		{E5D45137-F8AF-4B96-8109-178A67D448F6}.Debug|x64.ActiveCfg = Debug|Any CPU
		{E5D45137-F8AF-4B96-8109-178A67D448F6}.Debug|x64.Build.0 = Debug|Any CPU
		{E5D45137-F8AF-4B96-8109-178A67D448F6}.Debug|x86.ActiveCfg = Debug|Any CPU
		{E5D45137-F8AF-4B96-8109-178A67D448F6}.Debug|x86.Build.0 = Debug|Any CPU
		{E5D45137-F8AF-4B96-8109-178A67D448F6}.Release|Any CPU.ActiveCfg = Release|Any CPU
		{E5D45137-F8AF-4B96-8109-178A67D448F6}.Release|Any CPU.Build.0 = Release|Any CPU
		{E5D45137-F8AF-4B96-8109-178A67D448F6}.Release|x64.ActiveCfg = Release|Any CPU
		{E5D45137-F8AF-4B96-8109-178A67D448F6}.Release|x64.Build.0 = Release|Any CPU
		{E5D45137-F8AF-4B96-8109-178A67D448F6}.Release|x86.ActiveCfg = Release|Any CPU
		{E5D45137-F8AF-4B96-8109-178A67D448F6}.Release|x86.Build.0 = Release|Any CPU
		{E5D45137-F8AF-4B96-8109-178A67D448F6}.Release64|Any CPU.ActiveCfg = Release|Any CPU
		{E5D45137-F8AF-4B96-8109-178A67D448F6}.Release64|Any CPU.Build.0 = Release|Any CPU
		{E5D45137-F8AF-4B96-8109-178A67D448F6}.Release64|x64.ActiveCfg = Release|Any CPU
		{E5D45137-F8AF-4B96-8109-178A67D448F6}.Release64|x64.Build.0 = Release|Any CPU
		{E5D45137-F8AF-4B96-8109-178A67D448F6}.Release64|x86.ActiveCfg = Release|Any CPU
		{E5D45137-F8AF-4B96-8109-178A67D448F6}.Release64|x86.Build.0 = Release|Any CPU
		{0EA9F89A-CAD1-47EA-8957-56106106262B}.Debug|Any CPU.ActiveCfg = Debug|Any CPU
		{0EA9F89A-CAD1-47EA-8957-56106106262B}.Debug|Any CPU.Build.0 = Debug|Any CPU
		{0EA9F89A-CAD1-47EA-8957-56106106262B}.Debug|x64.ActiveCfg = Debug|Any CPU
		{0EA9F89A-CAD1-47EA-8957-56106106262B}.Debug|x64.Build.0 = Debug|Any CPU
		{0EA9F89A-CAD1-47EA-8957-56106106262B}.Debug|x86.ActiveCfg = Debug|Any CPU
		{0EA9F89A-CAD1-47EA-8957-56106106262B}.Debug|x86.Build.0 = Debug|Any CPU
		{0EA9F89A-CAD1-47EA-8957-56106106262B}.Release|Any CPU.ActiveCfg = Release|Any CPU
		{0EA9F89A-CAD1-47EA-8957-56106106262B}.Release|Any CPU.Build.0 = Release|Any CPU
		{0EA9F89A-CAD1-47EA-8957-56106106262B}.Release|x64.ActiveCfg = Release|Any CPU
		{0EA9F89A-CAD1-47EA-8957-56106106262B}.Release|x64.Build.0 = Release|Any CPU
		{0EA9F89A-CAD1-47EA-8957-56106106262B}.Release|x86.ActiveCfg = Release|Any CPU
		{0EA9F89A-CAD1-47EA-8957-56106106262B}.Release|x86.Build.0 = Release|Any CPU
		{0EA9F89A-CAD1-47EA-8957-56106106262B}.Release64|Any CPU.ActiveCfg = Release|Any CPU
		{0EA9F89A-CAD1-47EA-8957-56106106262B}.Release64|Any CPU.Build.0 = Release|Any CPU
		{0EA9F89A-CAD1-47EA-8957-56106106262B}.Release64|x64.ActiveCfg = Release|Any CPU
		{0EA9F89A-CAD1-47EA-8957-56106106262B}.Release64|x64.Build.0 = Release|Any CPU
		{0EA9F89A-CAD1-47EA-8957-56106106262B}.Release64|x86.ActiveCfg = Release|Any CPU
		{0EA9F89A-CAD1-47EA-8957-56106106262B}.Release64|x86.Build.0 = Release|Any CPU
		{1284F448-055D-49B6-9A1B-81E9BBF447C8}.Debug|Any CPU.ActiveCfg = Debug|Any CPU
		{1284F448-055D-49B6-9A1B-81E9BBF447C8}.Debug|Any CPU.Build.0 = Debug|Any CPU
		{1284F448-055D-49B6-9A1B-81E9BBF447C8}.Debug|x64.ActiveCfg = Debug|Any CPU
		{1284F448-055D-49B6-9A1B-81E9BBF447C8}.Debug|x64.Build.0 = Debug|Any CPU
		{1284F448-055D-49B6-9A1B-81E9BBF447C8}.Debug|x86.ActiveCfg = Debug|Any CPU
		{1284F448-055D-49B6-9A1B-81E9BBF447C8}.Debug|x86.Build.0 = Debug|Any CPU
		{1284F448-055D-49B6-9A1B-81E9BBF447C8}.Release|Any CPU.ActiveCfg = Release|Any CPU
		{1284F448-055D-49B6-9A1B-81E9BBF447C8}.Release|Any CPU.Build.0 = Release|Any CPU
		{1284F448-055D-49B6-9A1B-81E9BBF447C8}.Release|x64.ActiveCfg = Release|Any CPU
		{1284F448-055D-49B6-9A1B-81E9BBF447C8}.Release|x64.Build.0 = Release|Any CPU
		{1284F448-055D-49B6-9A1B-81E9BBF447C8}.Release|x86.ActiveCfg = Release|Any CPU
		{1284F448-055D-49B6-9A1B-81E9BBF447C8}.Release|x86.Build.0 = Release|Any CPU
		{1284F448-055D-49B6-9A1B-81E9BBF447C8}.Release64|Any CPU.ActiveCfg = Release|Any CPU
		{1284F448-055D-49B6-9A1B-81E9BBF447C8}.Release64|Any CPU.Build.0 = Release|Any CPU
		{1284F448-055D-49B6-9A1B-81E9BBF447C8}.Release64|x64.ActiveCfg = Release|Any CPU
		{1284F448-055D-49B6-9A1B-81E9BBF447C8}.Release64|x64.Build.0 = Release|Any CPU
		{1284F448-055D-49B6-9A1B-81E9BBF447C8}.Release64|x86.ActiveCfg = Release|Any CPU
		{1284F448-055D-49B6-9A1B-81E9BBF447C8}.Release64|x86.Build.0 = Release|Any CPU
	EndGlobalSection
	GlobalSection(SolutionProperties) = preSolution
		HideSolutionNode = FALSE
	EndGlobalSection
	GlobalSection(NestedProjects) = preSolution
		{2A096CA9-14DD-4F91-BE23-6619A6D5206A} = {461602B1-B5CE-4256-ACC6-ABB3B20EC747}
		{6FAD86C0-1948-4810-98B5-6B9A9BC59FB5} = {461602B1-B5CE-4256-ACC6-ABB3B20EC747}
		{04C82D0C-6FF4-434E-880D-97FA1CD539FA} = {1F4D12F9-D755-484C-857E-97D94D119ADA}
		{E9B7E863-B663-45F8-ADCB-B3ABEA80EB5D} = {1F4D12F9-D755-484C-857E-97D94D119ADA}
		{FBEEB066-759F-4F90-A08E-AE51BC0E8FF8} = {1F4D12F9-D755-484C-857E-97D94D119ADA}
		{05206B8A-0309-40BF-997F-5D51129B0C9B} = {1F4D12F9-D755-484C-857E-97D94D119ADA}
		{04C25A74-45AD-48D9-9F92-745785CAE397} = {889ED349-3A64-4EED-AA89-1B037333AAAB}
		{1BAE086B-F7E1-452D-9E18-D046B6E46B67} = {1F4D12F9-D755-484C-857E-97D94D119ADA}
		{178D92FF-1DBC-454D-8F9B-7B03FB8B429E} = {889ED349-3A64-4EED-AA89-1B037333AAAB}
		{8F329E9F-5CAF-47A2-94FC-AD914789233D} = {889ED349-3A64-4EED-AA89-1B037333AAAB}
		{FE8ABF1F-172A-4055-9965-5FE58C063BC3} = {889ED349-3A64-4EED-AA89-1B037333AAAB}
		{6D3CF232-052E-4288-8CE5-479E68A73597} = {889ED349-3A64-4EED-AA89-1B037333AAAB}
		{43310A91-0EBC-4C18-8F89-7E97839CDDB6} = {3B669072-531A-4E4F-BE56-2D319EBD1E14}
		{EEDA74FC-CA5A-4C06-9654-2600B74E2D1D} = {3B669072-531A-4E4F-BE56-2D319EBD1E14}
		{7281E3D7-82F2-45DF-8771-0803A0773026} = {1F4D12F9-D755-484C-857E-97D94D119ADA}
		{93A3D94B-E723-4717-803B-750CD8FA7B55} = {1F4D12F9-D755-484C-857E-97D94D119ADA}
		{4F71721F-E0C4-4FC2-95A1-9570F87C6435} = {1F4D12F9-D755-484C-857E-97D94D119ADA}
		{97AEC0B8-B16E-4ABE-9C52-3039D592F62B} = {1F4D12F9-D755-484C-857E-97D94D119ADA}
		{FF410DCC-13C6-490A-8C83-70E0C1588120} = {B04EF255-52E4-4489-9DCD-F9B67318A067}
		{4008A240-0F9D-4012-A424-31A105137FC3} = {B04EF255-52E4-4489-9DCD-F9B67318A067}
		{EC0806D2-BFE5-4D83-A849-7AE10A403F48} = {B04EF255-52E4-4489-9DCD-F9B67318A067}
		{29CF9091-2A69-4E5D-BA44-B94BB23861C3} = {B04EF255-52E4-4489-9DCD-F9B67318A067}
		{787AF727-9E9E-4400-A0E5-FE6899082BCF} = {1E2CC49D-65E3-466D-895C-81F17B6EE8F9}
		{E5D45137-F8AF-4B96-8109-178A67D448F6} = {54EF0DCA-8227-4113-B8AC-309085A64037}
		{0EA9F89A-CAD1-47EA-8957-56106106262B} = {461602B1-B5CE-4256-ACC6-ABB3B20EC747}
		{1284F448-055D-49B6-9A1B-81E9BBF447C8} = {3B669072-531A-4E4F-BE56-2D319EBD1E14}
	EndGlobalSection
	GlobalSection(ExtensibilityGlobals) = postSolution
		SolutionGuid = {DAC0C966-B2E5-404E-A61C-B65EFE07D282}
	EndGlobalSection
EndGlobal
