
Microsoft Visual Studio Solution File, Format Version 12.00
# Visual Studio 15
VisualStudioVersion = 15.0.28307.645
MinimumVisualStudioVersion = 10.0.40219.1
Project("{FAE04EC0-301F-11D3-BF4B-00C04F79EFBC}") = "LibMappingExcel", "LibMappingExcel.csproj", "{4F71721F-E0C4-4FC2-95A1-9570F87C6435}"
EndProject
Global
	GlobalSection(SolutionConfigurationPlatforms) = preSolution
		Debug|Any CPU = Debug|Any CPU
		Release|Any CPU = Release|Any CPU
	EndGlobalSection
	GlobalSection(ProjectConfigurationPlatforms) = postSolution
		{4F71721F-E0C4-4FC2-95A1-9570F87C6435}.Debug|Any CPU.ActiveCfg = Debug|Any CPU
		{4F71721F-E0C4-4FC2-95A1-9570F87C6435}.Debug|Any CPU.Build.0 = Debug|Any CPU
		{4F71721F-E0C4-4FC2-95A1-9570F87C6435}.Release|Any CPU.ActiveCfg = Release|Any CPU
		{4F71721F-E0C4-4FC2-95A1-9570F87C6435}.Release|Any CPU.Build.0 = Release|Any CPU
	EndGlobalSection
	GlobalSection(SolutionProperties) = preSolution
		HideSolutionNode = FALSE
	EndGlobalSection
	GlobalSection(ExtensibilityGlobals) = postSolution
		SolutionGuid = {8F3F64A5-DA98-4D6F-ACAA-41BA017AB0B8}
	EndGlobalSection
EndGlobal
